{
  "name": "a-share-analyst",
  "version": "1.0.0",
  "lockfileVersion": 3,
  "requires": true,
  "packages": {
    "": {
      "name": "a-share-analyst",
      "version": "1.0.0",
      "license": "ISC",
      "dependencies": {
        "@wbavon/china-market-data": "^0.2.0"
      }
    },
    "node_modules/@wbavon/china-market-data": {
      "version": "0.2.0",
      "resolved": "https://registry.npmjs.org/@wbavon/china-market-data/-/china-market-data-0.2.0.tgz",
      "integrity": "sha512-Amyf5RDiDypXAl4XJXH3ciOjVyebvJZgFEZQo2KmV2zv4vzaIp85bOUtROAxLSnMkN1+kGh331sKze805SHTXQ==",
      "hasInstallScript": true,
      "license": "MIT"
    }
  }
}
